
Microsoft Visual Studio Solution File, Format Version 12.00
# Visual Studio Version 16
VisualStudioVersion = 16.0.29905.134
MinimumVisualStudioVersion = 10.0.40219.1
Project("{FAE04EC0-301F-11D3-BF4B-00C04F79EFBC}") = "Lojinha", "Lojinha\Lojinha.csproj", "{51072D73-8D59-4472-9199-396ED22C7AEC}"
EndProject
Global
	GlobalSection(SolutionConfigurationPlatforms) = preSolution
		Debug|Any CPU = Debug|Any CPU
		Release|Any CPU = Release|Any CPU
	EndGlobalSection
	GlobalSection(ProjectConfigurationPlatforms) = postSolution
		{51072D73-8D59-4472-9199-396ED22C7AEC}.Debug|Any CPU.ActiveCfg = Debug|Any CPU
		{51072D73-8D59-4472-9199-396ED22C7AEC}.Debug|Any CPU.Build.0 = Debug|Any CPU
		{51072D73-8D59-4472-9199-396ED22C7AEC}.Release|Any CPU.ActiveCfg = Release|Any CPU
		{51072D73-8D59-4472-9199-396ED22C7AEC}.Release|Any CPU.Build.0 = Release|Any CPU
	EndGlobalSection
	GlobalSection(SolutionProperties) = preSolution
		HideSolutionNode = FALSE
	EndGlobalSection
	GlobalSection(ExtensibilityGlobals) = postSolution
		SolutionGuid = {BA3FF496-CAE2-4B64-8784-BB449B8204A0}
	EndGlobalSection
EndGlobal
